
Microsoft Visual Studio Solution File, Format Version 12.00
# Visual Studio Version 17
VisualStudioVersion = 17.7.34024.191
MinimumVisualStudioVersion = 10.0.40219.1
Project("{FAE04EC0-301F-11D3-BF4B-00C04F79EFBC}") = "Lab6", "Lab6.csproj", "{483BFE46-AC31-4404-BF2C-0603203EB38F}"
EndProject
Global
	GlobalSection(SolutionConfigurationPlatforms) = preSolution
		Debug|Any CPU = Debug|Any CPU
		Release|Any CPU = Release|Any CPU
	EndGlobalSection
	GlobalSection(ProjectConfigurationPlatforms) = postSolution
		{483BFE46-AC31-4404-BF2C-0603203EB38F}.Debug|Any CPU.ActiveCfg = Debug|Any CPU
		{483BFE46-AC31-4404-BF2C-0603203EB38F}.Debug|Any CPU.Build.0 = Debug|Any CPU
		{483BFE46-AC31-4404-BF2C-0603203EB38F}.Release|Any CPU.ActiveCfg = Release|Any CPU
		{483BFE46-AC31-4404-BF2C-0603203EB38F}.Release|Any CPU.Build.0 = Release|Any CPU
	EndGlobalSection
	GlobalSection(SolutionProperties) = preSolution
		HideSolutionNode = FALSE
	EndGlobalSection
	GlobalSection(ExtensibilityGlobals) = postSolution
		SolutionGuid = {A86CE7AD-6083-4368-830B-692D86CD2C54}
	EndGlobalSection
EndGlobal
